PODS:
  - AEXML (4.0.0)
  - StartAppsKit (0.8.4):
    - StartAppsKit/Default (= 0.8.4)
  - StartAppsKit/Animations (0.8.4)
  - StartAppsKit/Default (0.8.4):
    - StartAppsKit/Animations
    - StartAppsKit/Extensions
    - StartAppsKit/LoadActions
    - StartAppsKit/Logging
  - StartAppsKit/Extensions (0.8.4)
  - StartAppsKit/LoadActions (0.8.4):
    - StartAppsKit/Extensions
    - StartAppsKit/Logging
  - StartAppsKit/Logging (0.8.4)
  - StartAppsKit/XML (0.8.4):
    - AEXML (~> 4.0)
    - StartAppsKit/LoadActions

DEPENDENCIES:
  - StartAppsKit (from `../`)
  - StartAppsKit/XML (from `../`)

EXTERNAL SOURCES:
  StartAppsKit:
    :path: "../"

SPEC CHECKSUMS:
  AEXML: 6fc6433aa35bdc15dd8eb8d54eb7aa4520a010eb
  StartAppsKit: 8e9cb9917949a902430e7ca28e16be77107de75e

PODFILE CHECKSUM: 34170371fc270b24c7891b3922696268854a9fbc

COCOAPODS: 1.1.0.rc.2
