>-
  PODS:
  - >-
    Bolts/Tasks (1.6.0)
  - >-
    CommonCrypto (1.1)
  - >-
    Parse (1.12.0):
    - >-
      Bolts/Tasks (~> 1.5)
  - >-
    StartAppsKit (0.2.0):
    - >-
      StartAppsKit/Extensions (= 0.2.0)
    - >-
      StartAppsKit/Hashing (= 0.2.0)
    - >-
      StartAppsKit/LoadActions (= 0.2.0)
    - >-
      StartAppsKit/LoadActions-Parse (= 0.2.0)
    - >-
      StartAppsKit/Logging (= 0.2.0)
  - >-
    StartAppsKit/Extensions (0.2.0)
  - >-
    StartAppsKit/Hashing (0.2.0):
    - >-
      CommonCrypto (~> 1.1)
  - >-
    StartAppsKit/LoadActions (0.2.0):
    - >-
      StartAppsKit/Extensions
    - >-
      StartAppsKit/Logging
  - >-
    StartAppsKit/LoadActions-Parse (0.2.0):
    - >-
      Parse (~> 1.1)
    - >-
      StartAppsKit/LoadActions
  - >-
    StartAppsKit/Logging (0.2.0):
    - >-
      StartAppsKit/Extensions

>-
  DEPENDENCIES:
  - >-
    StartAppsKit (from `../`)

>-
  EXTERNAL SOURCES:
  >-
    StartAppsKit:
    :path: >-
      ../

>-
  SPEC CHECKSUMS:
  >-
    Bolts: >-
    f52a250053bb517ca874523c3913776359ab3def
  >-
    CommonCrypto: >-
    e18c8416332cca5efe80c197f2a522d471c42626
  >-
    Parse: >-
    de2c52a9a1421b91ae7594ab8ce191afd184f19b
  >-
    StartAppsKit: >-
    0e2ae193de1e8ca6fe027caf5d1df21a4d221348

>-
  PODFILE CHECKSUM: >-
  9852af86788649a72bce506d6c610266bbf0acab

>-
  COCOAPODS: >-
  1.0.0.beta.2
