// !$*UTF8*$!
{
	archiveVersion = 1;
	classes = {
	};
	objectVersion = 46;
	objects = {

/* Begin PBXBuildFile section */
		024C4A9D4AE195ABD72730B5F5E7C50B /* StartAppsKit-umbrella.h in Headers */ = {isa = PBXBuildFile; fileRef = 64E063B8E2018EE869092D6BFDCAA0B9 /* StartAppsKit-umbrella.h */; settings = {ATTRIBUTES = (Public, ); }; };
		05582932C0D276FC00EBD518D41F2F9D /* Logging.swift in Sources */ = {isa = PBXBuildFile; fileRef = 6172745A10810D632D9C3E802F80AC25 /* Logging.swift */; };
		08171F535B1F9ACEB33E3CC8CBDA6B62 /* TimerExtensions.swift in Sources */ = {isa = PBXBuildFile; fileRef = 08E7820A75EE4B6063A68647185485FC /* TimerExtensions.swift */; };
		1EA04E4E6A802D0388852FEA03AA21F6 /* Foundation.framework in Frameworks */ = {isa = PBXBuildFile; fileRef = 8E00DEAB853FE2D46A4746DFFC012509 /* Foundation.framework */; };
		256D8BDA31397E5E128ED3A65E99F5C1 /* DeviceExtensions.swift in Sources */ = {isa = PBXBuildFile; fileRef = C5F4758028CD75EFB94F0038A9CD04CC /* DeviceExtensions.swift */; };
		2F407548839F60F6164F112FDF64D88E /* LoadActionViewDelegates.swift in Sources */ = {isa = PBXBuildFile; fileRef = 394139DFCDACCCFCCB63720EE0524F6F /* LoadActionViewDelegates.swift */; };
		2FC26FF6F02FD916774F4D384FF78C85 /* SAViewController.swift in Sources */ = {isa = PBXBuildFile; fileRef = 6BA4A188365BA98CCABA2F3E6769ADFF /* SAViewController.swift */; };
		34A3C962A4D2E6ECEB44DDC0DF2E4B75 /* UIKit.framework in Frameworks */ = {isa = PBXBuildFile; fileRef = E3D5BBCA507CA1C7E2632247B32B1946 /* UIKit.framework */; };
		35832C798776B84D9CE1B7DBE96634B3 /* SwiftyJSON.swift in Sources */ = {isa = PBXBuildFile; fileRef = BDE506ECE97701EBA44FDBFF401C1A04 /* SwiftyJSON.swift */; };
		37041913EF361A4F073E254BBCE9E9B1 /* ViewExtensions.swift in Sources */ = {isa = PBXBuildFile; fileRef = F238BB26B3750ACFA58D802DAABF6AD4 /* ViewExtensions.swift */; };
		3B024AE35E2412E546E5360A534F9402 /* NumberExtensions.swift in Sources */ = {isa = PBXBuildFile; fileRef = 1DC58611A08BA2708AF083014D6766A5 /* NumberExtensions.swift */; };
		3B0549DBFE95F4E7C969727E099823E3 /* SATableViewControllerOld.swift in Sources */ = {isa = PBXBuildFile; fileRef = 5E86EFEF836876F1046FE7B198DCBC45 /* SATableViewControllerOld.swift */; };
		4F0F86F29941EFB1154D56B1191EC79A /* ImageExtensions.swift in Sources */ = {isa = PBXBuildFile; fileRef = 76E54823C0D562863CF2FD62D0D92E69 /* ImageExtensions.swift */; };
		5118B5D46F199B28B854280DA6EF1AF3 /* CacheLoadAction.swift in Sources */ = {isa = PBXBuildFile; fileRef = 236235283C8F4AFA9D78CE9990B201F4 /* CacheLoadAction.swift */; };
		552DA13BC310DFAE94B35616045DE312 /* Foundation.framework in Frameworks */ = {isa = PBXBuildFile; fileRef = 8E00DEAB853FE2D46A4746DFFC012509 /* Foundation.framework */; };
		5608B6412BB50414D1DCA1BE259CEF8B /* ColorExtensions.swift in Sources */ = {isa = PBXBuildFile; fileRef = 3E7AFD503A9BE9F220F3D0CBD427739A /* ColorExtensions.swift */; };
		59ABCE3F24E2F448F5FFF1A6D3AAC0DB /* ButtonExtensions.swift in Sources */ = {isa = PBXBuildFile; fileRef = AEE21E3C8C7526BBA2B001485E176F8C /* ButtonExtensions.swift */; };
		6529E7763B8925693512AB894A1221D8 /* JsonWebLoadAction.swift in Sources */ = {isa = PBXBuildFile; fileRef = 8C1122CDAB9DC8E272CAF02AFC860349 /* JsonWebLoadAction.swift */; };
		65D9385D3746DE3279392B219BFDBD70 /* StaticLoadAction.swift in Sources */ = {isa = PBXBuildFile; fileRef = 9064461EA56D27EA6AB5452E4320F1E1 /* StaticLoadAction.swift */; };
		726BF7FDB29F1C68B491C11C1DF4403D /* ErrorExtensions.swift in Sources */ = {isa = PBXBuildFile; fileRef = 55FF3A20D1F4BF3104209929C8E073B7 /* ErrorExtensions.swift */; };
		82F94937F4914D97AEE52631FAAFDB9A /* GroupLoadAction.swift in Sources */ = {isa = PBXBuildFile; fileRef = E83DD49E5D253AF735AC28E20278BCCE /* GroupLoadAction.swift */; };
		89A13D2E6777913FB0B85EE2A065A7C6 /* SAStaticTableViewCells.swift in Sources */ = {isa = PBXBuildFile; fileRef = 73323B74621D6CA3622DB01D9E3935A2 /* SAStaticTableViewCells.swift */; };
		8C10A5D4FE2D4518143BF736D0D79214 /* SwiftyJSON-dummy.m in Sources */ = {isa = PBXBuildFile; fileRef = 32B9BBA8F5B33E56C38F5546432F66B7 /* SwiftyJSON-dummy.m */; };
		953A59A51CF8396D7DBD62429399B4FD /* Pods-StartAppsKit_Example-umbrella.h in Headers */ = {isa = PBXBuildFile; fileRef = CCDD954317FDE79306F1977730A50010 /* Pods-StartAppsKit_Example-umbrella.h */; settings = {ATTRIBUTES = (Public, ); }; };
		99F5DD2B28F3F56E775D5275C2426247 /* Pods-StartAppsKit_Example-dummy.m in Sources */ = {isa = PBXBuildFile; fileRef = D2320CCB678B4856A5CDA2B36089C96E /* Pods-StartAppsKit_Example-dummy.m */; };
		B2BA036E5C47B0E0130F65320A43F5AC /* StartAppsKit-dummy.m in Sources */ = {isa = PBXBuildFile; fileRef = C6715E9B7D0E44317C3A1BC799852047 /* StartAppsKit-dummy.m */; };
		BB669197C49CB2B8723CBB4EB6A32975 /* WebLoadAction.swift in Sources */ = {isa = PBXBuildFile; fileRef = AC4B727E377C64F4B4D63838ECF55A56 /* WebLoadAction.swift */; };
		C361656073208C855AEAD0BD62DE5657 /* CollectionTypeExtensions.swift in Sources */ = {isa = PBXBuildFile; fileRef = 9C9C457322CD9E17B6A95D323C6BB557 /* CollectionTypeExtensions.swift */; };
		C4477B7DCF3F433466E6A7B431549D43 /* SwiftyJSON.framework in Frameworks */ = {isa = PBXBuildFile; fileRef = 67FFCD49AD003C79D3140174B3342095 /* SwiftyJSON.framework */; };
		CCADDD26E231100E22245D213EEF1A64 /* Pods-StartAppsKit_Tests-dummy.m in Sources */ = {isa = PBXBuildFile; fileRef = 36EB8EEBDC1D10D14BC243E7D925A65C /* Pods-StartAppsKit_Tests-dummy.m */; };
		CD66E6C50A8C656CD1BC699AA956D7DC /* SAStaticTableViewController.swift in Sources */ = {isa = PBXBuildFile; fileRef = 3752ECD0A4706E38ECD998F246F2595F /* SAStaticTableViewController.swift */; };
		D2652D2966356C97F47F08657C9A6AFA /* SATableViewController.swift in Sources */ = {isa = PBXBuildFile; fileRef = 7EF6244561046440910B782D120CC92F /* SATableViewController.swift */; };
		D5B61761E7207CAE6450472322B953F8 /* Foundation.framework in Frameworks */ = {isa = PBXBuildFile; fileRef = 8E00DEAB853FE2D46A4746DFFC012509 /* Foundation.framework */; };
		D96F9297AB96301CF852363FFC7C4261 /* LoadActionProtocol.swift in Sources */ = {isa = PBXBuildFile; fileRef = EC59BFF1F4C67AEEAB51DD8D0F0FEA47 /* LoadActionProtocol.swift */; };
		E19E682104772437C8A126F23DECE455 /* SATableViewCells.swift in Sources */ = {isa = PBXBuildFile; fileRef = 37876B76934EEB58E36D2C79F6BD8DF8 /* SATableViewCells.swift */; };
		E2C8A2B78BB7241D7A73FA2068D77749 /* Foundation.framework in Frameworks */ = {isa = PBXBuildFile; fileRef = 8E00DEAB853FE2D46A4746DFFC012509 /* Foundation.framework */; };
		E6293D33DC928B85FAE76E830ED6ECDA /* DateExtensions.swift in Sources */ = {isa = PBXBuildFile; fileRef = B6EF7C2191289C28956E01330644F992 /* DateExtensions.swift */; };
		EDD9598C442B790DE39149407FCFE76C /* LoadAction.swift in Sources */ = {isa = PBXBuildFile; fileRef = F86B1D08C7001953B753037A0209B1E9 /* LoadAction.swift */; };
		EE54698BA408E4D9A4B5BA89F461B475 /* StringExtensions.swift in Sources */ = {isa = PBXBuildFile; fileRef = F4730E665C14B3539F9135B5A9ED63E6 /* StringExtensions.swift */; };
		F07F68F721F46498B7C47381E6B9E049 /* SwiftyJSON-umbrella.h in Headers */ = {isa = PBXBuildFile; fileRef = 05CA09B061E193906653AC21FD3A94F1 /* SwiftyJSON-umbrella.h */; settings = {ATTRIBUTES = (Public, ); }; };
		F7813E94CAEE9445DA5CC27EDDD1B6BE /* Pods-StartAppsKit_Tests-umbrella.h in Headers */ = {isa = PBXBuildFile; fileRef = 908F0033992961F35CF197ECB94E14A4 /* Pods-StartAppsKit_Tests-umbrella.h */; settings = {ATTRIBUTES = (Public, ); }; };
/* End PBXBuildFile section */

/* Begin PBXContainerItemProxy section */
		213B7CEC294FE1BEED9082AFC354B4D5 /* PBXContainerItemProxy */ = {
			isa = PBXContainerItemProxy;
			containerPortal = D41D8CD98F00B204E9800998ECF8427E /* Project object */;
			proxyType = 1;
			remoteGlobalIDString = 8E3C7883155CBD3C19D3E2859C73BF5F;
			remoteInfo = SwiftyJSON;
		};
		2D8C8D663931D4CF0B5C9485BFAA673C /* PBXContainerItemProxy */ = {
			isa = PBXContainerItemProxy;
			containerPortal = D41D8CD98F00B204E9800998ECF8427E /* Project object */;
			proxyType = 1;
			remoteGlobalIDString = 2F6164F8AC81DC4433CC8796B88C6ED0;
			remoteInfo = StartAppsKit;
		};
		4229673E58AE6E22A219B69E948578A6 /* PBXContainerItemProxy */ = {
			isa = PBXContainerItemProxy;
			containerPortal = D41D8CD98F00B204E9800998ECF8427E /* Project object */;
			proxyType = 1;
			remoteGlobalIDString = 8E3C7883155CBD3C19D3E2859C73BF5F;
			remoteInfo = SwiftyJSON;
		};
		8A6CFE0D71D143C8F615C3030B1D1042 /* PBXContainerItemProxy */ = {
			isa = PBXContainerItemProxy;
			containerPortal = D41D8CD98F00B204E9800998ECF8427E /* Project object */;
			proxyType = 1;
			remoteGlobalIDString = 2F6164F8AC81DC4433CC8796B88C6ED0;
			remoteInfo = StartAppsKit;
		};
		A46DA7A2D4469BAB8D8BE515B4513406 /* PBXContainerItemProxy */ = {
			isa = PBXContainerItemProxy;
			containerPortal = D41D8CD98F00B204E9800998ECF8427E /* Project object */;
			proxyType = 1;
			remoteGlobalIDString = 8E3C7883155CBD3C19D3E2859C73BF5F;
			remoteInfo = SwiftyJSON;
		};
/* End PBXContainerItemProxy section */

/* Begin PBXFileReference section */
		05CA09B061E193906653AC21FD3A94F1 /* SwiftyJSON-umbrella.h */ = {isa = PBXFileReference; includeInIndex = 1; lastKnownFileType = sourcecode.c.h; path = "SwiftyJSON-umbrella.h"; sourceTree = "<group>"; };
		08E7820A75EE4B6063A68647185485FC /* TimerExtensions.swift */ = {isa = PBXFileReference; includeInIndex = 1; lastKnownFileType = sourcecode.swift; path = TimerExtensions.swift; sourceTree = "<group>"; };
		0DEBCC50B3B50E0C5A37E0B7A3865E97 /* Pods-StartAppsKit_Tests.release.xcconfig */ = {isa = PBXFileReference; includeInIndex = 1; lastKnownFileType = text.xcconfig; path = "Pods-StartAppsKit_Tests.release.xcconfig"; sourceTree = "<group>"; };
		1DC58611A08BA2708AF083014D6766A5 /* NumberExtensions.swift */ = {isa = PBXFileReference; includeInIndex = 1; lastKnownFileType = sourcecode.swift; path = NumberExtensions.swift; sourceTree = "<group>"; };
		236235283C8F4AFA9D78CE9990B201F4 /* CacheLoadAction.swift */ = {isa = PBXFileReference; includeInIndex = 1; lastKnownFileType = sourcecode.swift; path = CacheLoadAction.swift; sourceTree = "<group>"; };
		2E7F7C62EE34D2D271E6E1234A2002B2 /* SwiftyJSON.xcconfig */ = {isa = PBXFileReference; includeInIndex = 1; lastKnownFileType = text.xcconfig; path = SwiftyJSON.xcconfig; sourceTree = "<group>"; };
		32B9BBA8F5B33E56C38F5546432F66B7 /* SwiftyJSON-dummy.m */ = {isa = PBXFileReference; includeInIndex = 1; lastKnownFileType = sourcecode.c.objc; path = "SwiftyJSON-dummy.m"; sourceTree = "<group>"; };
		34531847E4E61EEEE7F4BF0667C65561 /* Pods-StartAppsKit_Tests.modulemap */ = {isa = PBXFileReference; includeInIndex = 1; lastKnownFileType = "sourcecode.module-map"; path = "Pods-StartAppsKit_Tests.modulemap"; sourceTree = "<group>"; };
		36EB8EEBDC1D10D14BC243E7D925A65C /* Pods-StartAppsKit_Tests-dummy.m */ = {isa = PBXFileReference; includeInIndex = 1; lastKnownFileType = sourcecode.c.objc; path = "Pods-StartAppsKit_Tests-dummy.m"; sourceTree = "<group>"; };
		3752ECD0A4706E38ECD998F246F2595F /* SAStaticTableViewController.swift */ = {isa = PBXFileReference; includeInIndex = 1; lastKnownFileType = sourcecode.swift; path = SAStaticTableViewController.swift; sourceTree = "<group>"; };
		37876B76934EEB58E36D2C79F6BD8DF8 /* SATableViewCells.swift */ = {isa = PBXFileReference; includeInIndex = 1; lastKnownFileType = sourcecode.swift; path = SATableViewCells.swift; sourceTree = "<group>"; };
		394139DFCDACCCFCCB63720EE0524F6F /* LoadActionViewDelegates.swift */ = {isa = PBXFileReference; includeInIndex = 1; lastKnownFileType = sourcecode.swift; path = LoadActionViewDelegates.swift; sourceTree = "<group>"; };
		3E7AFD503A9BE9F220F3D0CBD427739A /* ColorExtensions.swift */ = {isa = PBXFileReference; includeInIndex = 1; lastKnownFileType = sourcecode.swift; path = ColorExtensions.swift; sourceTree = "<group>"; };
		3F649C789ACC4561561501FC74054034 /* StartAppsKit-prefix.pch */ = {isa = PBXFileReference; includeInIndex = 1; lastKnownFileType = sourcecode.c.h; path = "StartAppsKit-prefix.pch"; sourceTree = "<group>"; };
		4132EC4E943EBDF0A8F03F28DE37E818 /* Pods-StartAppsKit_Example.debug.xcconfig */ = {isa = PBXFileReference; includeInIndex = 1; lastKnownFileType = text.xcconfig; path = "Pods-StartAppsKit_Example.debug.xcconfig"; sourceTree = "<group>"; };
		4139885265097F2AEA72EF75F433CA45 /* Pods-StartAppsKit_Tests.debug.xcconfig */ = {isa = PBXFileReference; includeInIndex = 1; lastKnownFileType = text.xcconfig; path = "Pods-StartAppsKit_Tests.debug.xcconfig"; sourceTree = "<group>"; };
		55FF3A20D1F4BF3104209929C8E073B7 /* ErrorExtensions.swift */ = {isa = PBXFileReference; includeInIndex = 1; lastKnownFileType = sourcecode.swift; path = ErrorExtensions.swift; sourceTree = "<group>"; };
		564908E305C79B69682032F8504D0B85 /* Pods-StartAppsKit_Tests-frameworks.sh */ = {isa = PBXFileReference; includeInIndex = 1; lastKnownFileType = text.script.sh; path = "Pods-StartAppsKit_Tests-frameworks.sh"; sourceTree = "<group>"; };
		5E019A8C6557CD7878D098C2A445232D /* SwiftyJSON.framework */ = {isa = PBXFileReference; explicitFileType = wrapper.framework; includeInIndex = 0; path = SwiftyJSON.framework; sourceTree = BUILT_PRODUCTS_DIR; };
		5E86EFEF836876F1046FE7B198DCBC45 /* SATableViewControllerOld.swift */ = {isa = PBXFileReference; includeInIndex = 1; lastKnownFileType = sourcecode.swift; path = SATableViewControllerOld.swift; sourceTree = "<group>"; };
		608C251522539A4799A794861257586D /* Pods_StartAppsKit_Example.framework */ = {isa = PBXFileReference; explicitFileType = wrapper.framework; includeInIndex = 0; path = Pods_StartAppsKit_Example.framework; sourceTree = BUILT_PRODUCTS_DIR; };
		6172745A10810D632D9C3E802F80AC25 /* Logging.swift */ = {isa = PBXFileReference; includeInIndex = 1; lastKnownFileType = sourcecode.swift; path = Logging.swift; sourceTree = "<group>"; };
		64E063B8E2018EE869092D6BFDCAA0B9 /* StartAppsKit-umbrella.h */ = {isa = PBXFileReference; includeInIndex = 1; lastKnownFileType = sourcecode.c.h; path = "StartAppsKit-umbrella.h"; sourceTree = "<group>"; };
		67FFCD49AD003C79D3140174B3342095 /* SwiftyJSON.framework */ = {isa = PBXFileReference; explicitFileType = wrapper.framework; includeInIndex = 0; path = SwiftyJSON.framework; sourceTree = BUILT_PRODUCTS_DIR; };
		698F0BE76BB7AF9A59114925DD49C045 /* StartAppsKit.framework */ = {isa = PBXFileReference; explicitFileType = wrapper.framework; includeInIndex = 0; path = StartAppsKit.framework; sourceTree = BUILT_PRODUCTS_DIR; };
		6BA4A188365BA98CCABA2F3E6769ADFF /* SAViewController.swift */ = {isa = PBXFileReference; includeInIndex = 1; lastKnownFileType = sourcecode.swift; path = SAViewController.swift; sourceTree = "<group>"; };
		73323B74621D6CA3622DB01D9E3935A2 /* SAStaticTableViewCells.swift */ = {isa = PBXFileReference; includeInIndex = 1; lastKnownFileType = sourcecode.swift; path = SAStaticTableViewCells.swift; sourceTree = "<group>"; };
		76E54823C0D562863CF2FD62D0D92E69 /* ImageExtensions.swift */ = {isa = PBXFileReference; includeInIndex = 1; lastKnownFileType = sourcecode.swift; path = ImageExtensions.swift; sourceTree = "<group>"; };
		76F4D130EF2D65E002F776898223B237 /* Pods-StartAppsKit_Example-resources.sh */ = {isa = PBXFileReference; includeInIndex = 1; lastKnownFileType = text.script.sh; path = "Pods-StartAppsKit_Example-resources.sh"; sourceTree = "<group>"; };
		7E05D6DBBD75A5F7501E9C382251A009 /* Pods-StartAppsKit_Example.release.xcconfig */ = {isa = PBXFileReference; includeInIndex = 1; lastKnownFileType = text.xcconfig; path = "Pods-StartAppsKit_Example.release.xcconfig"; sourceTree = "<group>"; };
		7EDDD810D3E8D255D3BD5BA44AB06BA2 /* Pods-StartAppsKit_Example-acknowledgements.markdown */ = {isa = PBXFileReference; includeInIndex = 1; lastKnownFileType = text; path = "Pods-StartAppsKit_Example-acknowledgements.markdown"; sourceTree = "<group>"; };
		7EF6244561046440910B782D120CC92F /* SATableViewController.swift */ = {isa = PBXFileReference; includeInIndex = 1; lastKnownFileType = sourcecode.swift; path = SATableViewController.swift; sourceTree = "<group>"; };
		8C1122CDAB9DC8E272CAF02AFC860349 /* JsonWebLoadAction.swift */ = {isa = PBXFileReference; includeInIndex = 1; lastKnownFileType = sourcecode.swift; path = JsonWebLoadAction.swift; sourceTree = "<group>"; };
		8E00DEAB853FE2D46A4746DFFC012509 /* Foundation.framework */ = {isa = PBXFileReference; lastKnownFileType = wrapper.framework; name = Foundation.framework; path = Platforms/iPhoneOS.platform/Developer/SDKs/iPhoneOS9.2.sdk/System/Library/Frameworks/Foundation.framework; sourceTree = DEVELOPER_DIR; };
		9064461EA56D27EA6AB5452E4320F1E1 /* StaticLoadAction.swift */ = {isa = PBXFileReference; includeInIndex = 1; lastKnownFileType = sourcecode.swift; path = StaticLoadAction.swift; sourceTree = "<group>"; };
		9087CF266701E7B2BBD0C6EE322E6A13 /* Pods-StartAppsKit_Example-acknowledgements.plist */ = {isa = PBXFileReference; includeInIndex = 1; lastKnownFileType = text.plist.xml; path = "Pods-StartAppsKit_Example-acknowledgements.plist"; sourceTree = "<group>"; };
		908F0033992961F35CF197ECB94E14A4 /* Pods-StartAppsKit_Tests-umbrella.h */ = {isa = PBXFileReference; includeInIndex = 1; lastKnownFileType = sourcecode.c.h; path = "Pods-StartAppsKit_Tests-umbrella.h"; sourceTree = "<group>"; };
		9C9C457322CD9E17B6A95D323C6BB557 /* CollectionTypeExtensions.swift */ = {isa = PBXFileReference; includeInIndex = 1; lastKnownFileType = sourcecode.swift; path = CollectionTypeExtensions.swift; sourceTree = "<group>"; };
		AC4B727E377C64F4B4D63838ECF55A56 /* WebLoadAction.swift */ = {isa = PBXFileReference; includeInIndex = 1; lastKnownFileType = sourcecode.swift; path = WebLoadAction.swift; sourceTree = "<group>"; };
		AEE21E3C8C7526BBA2B001485E176F8C /* ButtonExtensions.swift */ = {isa = PBXFileReference; includeInIndex = 1; lastKnownFileType = sourcecode.swift; path = ButtonExtensions.swift; sourceTree = "<group>"; };
		B6EF7C2191289C28956E01330644F992 /* DateExtensions.swift */ = {isa = PBXFileReference; includeInIndex = 1; lastKnownFileType = sourcecode.swift; path = DateExtensions.swift; sourceTree = "<group>"; };
		B964AE7524C98408F53BEFA4E69886E8 /* Pods-StartAppsKit_Tests-acknowledgements.markdown */ = {isa = PBXFileReference; includeInIndex = 1; lastKnownFileType = text; path = "Pods-StartAppsKit_Tests-acknowledgements.markdown"; sourceTree = "<group>"; };
		BA6428E9F66FD5A23C0A2E06ED26CD2F /* Podfile */ = {isa = PBXFileReference; includeInIndex = 1; lastKnownFileType = text; name = Podfile; path = ../Podfile; sourceTree = SOURCE_ROOT; xcLanguageSpecificationIdentifier = xcode.lang.ruby; };
		BBF610E40BDF6E542FA21FF7E5491205 /* SwiftyJSON-prefix.pch */ = {isa = PBXFileReference; includeInIndex = 1; lastKnownFileType = sourcecode.c.h; path = "SwiftyJSON-prefix.pch"; sourceTree = "<group>"; };
		BDE506ECE97701EBA44FDBFF401C1A04 /* SwiftyJSON.swift */ = {isa = PBXFileReference; includeInIndex = 1; lastKnownFileType = sourcecode.swift; name = SwiftyJSON.swift; path = Source/SwiftyJSON.swift; sourceTree = "<group>"; };
		C4A9A658C966F6BB111BEDBDEA1F874A /* Info.plist */ = {isa = PBXFileReference; includeInIndex = 1; lastKnownFileType = text.plist.xml; path = Info.plist; sourceTree = "<group>"; };
		C5F4758028CD75EFB94F0038A9CD04CC /* DeviceExtensions.swift */ = {isa = PBXFileReference; includeInIndex = 1; lastKnownFileType = sourcecode.swift; path = DeviceExtensions.swift; sourceTree = "<group>"; };
		C6715E9B7D0E44317C3A1BC799852047 /* StartAppsKit-dummy.m */ = {isa = PBXFileReference; includeInIndex = 1; lastKnownFileType = sourcecode.c.objc; path = "StartAppsKit-dummy.m"; sourceTree = "<group>"; };
		C7E71619B9FCBEB1C7D66FE2BF24EAAE /* Pods-StartAppsKit_Example.modulemap */ = {isa = PBXFileReference; includeInIndex = 1; lastKnownFileType = "sourcecode.module-map"; path = "Pods-StartAppsKit_Example.modulemap"; sourceTree = "<group>"; };
		CB53D8415AB15CD44B91EB724FE24D57 /* Pods_StartAppsKit_Tests.framework */ = {isa = PBXFileReference; explicitFileType = wrapper.framework; includeInIndex = 0; path = Pods_StartAppsKit_Tests.framework; sourceTree = BUILT_PRODUCTS_DIR; };
		CCDD954317FDE79306F1977730A50010 /* Pods-StartAppsKit_Example-umbrella.h */ = {isa = PBXFileReference; includeInIndex = 1; lastKnownFileType = sourcecode.c.h; path = "Pods-StartAppsKit_Example-umbrella.h"; sourceTree = "<group>"; };
		D032A29E584B77AE187E586922267CF5 /* SwiftyJSON.modulemap */ = {isa = PBXFileReference; includeInIndex = 1; lastKnownFileType = "sourcecode.module-map"; path = SwiftyJSON.modulemap; sourceTree = "<group>"; };
		D2320CCB678B4856A5CDA2B36089C96E /* Pods-StartAppsKit_Example-dummy.m */ = {isa = PBXFileReference; includeInIndex = 1; lastKnownFileType = sourcecode.c.objc; path = "Pods-StartAppsKit_Example-dummy.m"; sourceTree = "<group>"; };
		DE22C5821F93B49DF2F585F311990E01 /* StartAppsKit.xcconfig */ = {isa = PBXFileReference; includeInIndex = 1; lastKnownFileType = text.xcconfig; path = StartAppsKit.xcconfig; sourceTree = "<group>"; };
		DE6915EA1A4DC22E1867C96734E870DE /* Info.plist */ = {isa = PBXFileReference; includeInIndex = 1; lastKnownFileType = text.plist.xml; path = Info.plist; sourceTree = "<group>"; };
		DE80F31C0F57F28C94DCB554050E4924 /* Pods-StartAppsKit_Example-frameworks.sh */ = {isa = PBXFileReference; includeInIndex = 1; lastKnownFileType = text.script.sh; path = "Pods-StartAppsKit_Example-frameworks.sh"; sourceTree = "<group>"; };
		E3D5BBCA507CA1C7E2632247B32B1946 /* UIKit.framework */ = {isa = PBXFileReference; lastKnownFileType = wrapper.framework; name = UIKit.framework; path = Platforms/iPhoneOS.platform/Developer/SDKs/iPhoneOS9.2.sdk/System/Library/Frameworks/UIKit.framework; sourceTree = DEVELOPER_DIR; };
		E6EE5C85FCD69DE10B9B948FD678A751 /* Pods-StartAppsKit_Tests-resources.sh */ = {isa = PBXFileReference; includeInIndex = 1; lastKnownFileType = text.script.sh; path = "Pods-StartAppsKit_Tests-resources.sh"; sourceTree = "<group>"; };
		E7185929A5A930AA9B94DAF0452B3E19 /* Info.plist */ = {isa = PBXFileReference; includeInIndex = 1; lastKnownFileType = text.plist.xml; path = Info.plist; sourceTree = "<group>"; };
		E83DD49E5D253AF735AC28E20278BCCE /* GroupLoadAction.swift */ = {isa = PBXFileReference; includeInIndex = 1; lastKnownFileType = sourcecode.swift; path = GroupLoadAction.swift; sourceTree = "<group>"; };
		EC59BFF1F4C67AEEAB51DD8D0F0FEA47 /* LoadActionProtocol.swift */ = {isa = PBXFileReference; includeInIndex = 1; lastKnownFileType = sourcecode.swift; path = LoadActionProtocol.swift; sourceTree = "<group>"; };
		ED5D0D93716970BA8B9C21020A72E7B3 /* Info.plist */ = {isa = PBXFileReference; includeInIndex = 1; lastKnownFileType = text.plist.xml; path = Info.plist; sourceTree = "<group>"; };
		F0A04D9FA1EBBC710D79FCFF1AC65767 /* StartAppsKit.modulemap */ = {isa = PBXFileReference; includeInIndex = 1; lastKnownFileType = "sourcecode.module-map"; path = StartAppsKit.modulemap; sourceTree = "<group>"; };
		F238BB26B3750ACFA58D802DAABF6AD4 /* ViewExtensions.swift */ = {isa = PBXFileReference; includeInIndex = 1; lastKnownFileType = sourcecode.swift; path = ViewExtensions.swift; sourceTree = "<group>"; };
		F4730E665C14B3539F9135B5A9ED63E6 /* StringExtensions.swift */ = {isa = PBXFileReference; includeInIndex = 1; lastKnownFileType = sourcecode.swift; path = StringExtensions.swift; sourceTree = "<group>"; };
		F86B1D08C7001953B753037A0209B1E9 /* LoadAction.swift */ = {isa = PBXFileReference; includeInIndex = 1; lastKnownFileType = sourcecode.swift; path = LoadAction.swift; sourceTree = "<group>"; };
		FD97AC5845D99E6BEA10407C7F0F1BDA /* Pods-StartAppsKit_Tests-acknowledgements.plist */ = {isa = PBXFileReference; includeInIndex = 1; lastKnownFileType = text.plist.xml; path = "Pods-StartAppsKit_Tests-acknowledgements.plist"; sourceTree = "<group>"; };
/* End PBXFileReference section */

/* Begin PBXFrameworksBuildPhase section */
		3BB4A6C88ED333F8E6D1C9EA5439D2BB /* Frameworks */ = {
			isa = PBXFrameworksBuildPhase;
			buildActionMask = 2147483647;
			files = (
				D5B61761E7207CAE6450472322B953F8 /* Foundation.framework in Frameworks */,
			);
			runOnlyForDeploymentPostprocessing = 0;
		};
		AD87CB4865752FFFB65CB7B834E270B5 /* Frameworks */ = {
			isa = PBXFrameworksBuildPhase;
			buildActionMask = 2147483647;
			files = (
				E2C8A2B78BB7241D7A73FA2068D77749 /* Foundation.framework in Frameworks */,
			);
			runOnlyForDeploymentPostprocessing = 0;
		};
		F518AE920D67100DA469FD10D3D3BAF3 /* Frameworks */ = {
			isa = PBXFrameworksBuildPhase;
			buildActionMask = 2147483647;
			files = (
				552DA13BC310DFAE94B35616045DE312 /* Foundation.framework in Frameworks */,
				C4477B7DCF3F433466E6A7B431549D43 /* SwiftyJSON.framework in Frameworks */,
				34A3C962A4D2E6ECEB44DDC0DF2E4B75 /* UIKit.framework in Frameworks */,
			);
			runOnlyForDeploymentPostprocessing = 0;
		};
		FD0C211E36A8FF931CB3DF3190832908 /* Frameworks */ = {
			isa = PBXFrameworksBuildPhase;
			buildActionMask = 2147483647;
			files = (
				1EA04E4E6A802D0388852FEA03AA21F6 /* Foundation.framework in Frameworks */,
			);
			runOnlyForDeploymentPostprocessing = 0;
		};
/* End PBXFrameworksBuildPhase section */

/* Begin PBXGroup section */
		08959C2D5ACE687766973A9BD21FD56E /* ViewControllers */ = {
			isa = PBXGroup;
			children = (
				73323B74621D6CA3622DB01D9E3935A2 /* SAStaticTableViewCells.swift */,
				3752ECD0A4706E38ECD998F246F2595F /* SAStaticTableViewController.swift */,
				37876B76934EEB58E36D2C79F6BD8DF8 /* SATableViewCells.swift */,
				7EF6244561046440910B782D120CC92F /* SATableViewController.swift */,
				5E86EFEF836876F1046FE7B198DCBC45 /* SATableViewControllerOld.swift */,
				6BA4A188365BA98CCABA2F3E6769ADFF /* SAViewController.swift */,
			);
			path = ViewControllers;
			sourceTree = "<group>";
		};
		20BFDF8749AE5210A2BDB78C8630E0E8 /* Classes */ = {
			isa = PBXGroup;
			children = (
				7D6450268418E63A4285ACFF553C2C8D /* Extensions */,
			);
			path = Classes;
			sourceTree = "<group>";
		};
		263EF759F6985BBB8D006939C7B1B5AD /* Pod */ = {
			isa = PBXGroup;
			children = (
				20BFDF8749AE5210A2BDB78C8630E0E8 /* Classes */,
			);
			path = Pod;
			sourceTree = "<group>";
		};
		2E1D82A14E488700587EAD56F1FB22EC /* Classes */ = {
			isa = PBXGroup;
			children = (
				08959C2D5ACE687766973A9BD21FD56E /* ViewControllers */,
			);
			path = Classes;
			sourceTree = "<group>";
		};
		350A0A0624804CA67BF4218E0B6248EB /* Classes */ = {
			isa = PBXGroup;
			children = (
				E6C98FB0DAEAB945D82ADD3C3009A8D9 /* Logging */,
			);
			path = Classes;
			sourceTree = "<group>";
		};
		3AB25A0FD1A1B2C5B14AFECB924E0170 /* Pod */ = {
			isa = PBXGroup;
			children = (
				2E1D82A14E488700587EAD56F1FB22EC /* Classes */,
			);
			path = Pod;
			sourceTree = "<group>";
		};
		3F3EB604853F650F439396B8447C42FC /* iOS */ = {
			isa = PBXGroup;
			children = (
				8E00DEAB853FE2D46A4746DFFC012509 /* Foundation.framework */,
				E3D5BBCA507CA1C7E2632247B32B1946 /* UIKit.framework */,
			);
			name = iOS;
			sourceTree = "<group>";
		};
		42EDF74986EF1A2896E35C9AB0F8473C /* Extensions */ = {
			isa = PBXGroup;
			children = (
				263EF759F6985BBB8D006939C7B1B5AD /* Pod */,
			);
			name = Extensions;
			sourceTree = "<group>";
		};
		559A8765D06448BC9FE810AE7DD8EE77 /* Logging */ = {
			isa = PBXGroup;
			children = (
				EFC6789BE952F845A809F73C04E526E2 /* Pod */,
			);
			name = Logging;
			sourceTree = "<group>";
		};
		6022D2AF08092F777D01E6E988191CE5 /* Pods-StartAppsKit_Example */ = {
			isa = PBXGroup;
			children = (
				ED5D0D93716970BA8B9C21020A72E7B3 /* Info.plist */,
				C7E71619B9FCBEB1C7D66FE2BF24EAAE /* Pods-StartAppsKit_Example.modulemap */,
				7EDDD810D3E8D255D3BD5BA44AB06BA2 /* Pods-StartAppsKit_Example-acknowledgements.markdown */,
				9087CF266701E7B2BBD0C6EE322E6A13 /* Pods-StartAppsKit_Example-acknowledgements.plist */,
				D2320CCB678B4856A5CDA2B36089C96E /* Pods-StartAppsKit_Example-dummy.m */,
				DE80F31C0F57F28C94DCB554050E4924 /* Pods-StartAppsKit_Example-frameworks.sh */,
				76F4D130EF2D65E002F776898223B237 /* Pods-StartAppsKit_Example-resources.sh */,
				CCDD954317FDE79306F1977730A50010 /* Pods-StartAppsKit_Example-umbrella.h */,
				4132EC4E943EBDF0A8F03F28DE37E818 /* Pods-StartAppsKit_Example.debug.xcconfig */,
				7E05D6DBBD75A5F7501E9C382251A009 /* Pods-StartAppsKit_Example.release.xcconfig */,
			);
			name = "Pods-StartAppsKit_Example";
			path = "Target Support Files/Pods-StartAppsKit_Example";
			sourceTree = "<group>";
		};
		6052AF3038CF3CE2F014168B2C9FFAA6 /* Products */ = {
			isa = PBXGroup;
			children = (
				608C251522539A4799A794861257586D /* Pods_StartAppsKit_Example.framework */,
				CB53D8415AB15CD44B91EB724FE24D57 /* Pods_StartAppsKit_Tests.framework */,
				698F0BE76BB7AF9A59114925DD49C045 /* StartAppsKit.framework */,
				5E019A8C6557CD7878D098C2A445232D /* SwiftyJSON.framework */,
			);
			name = Products;
			sourceTree = "<group>";
		};
		61A1FF616ACCCD84A1773E03B732326C /* Targets Support Files */ = {
			isa = PBXGroup;
			children = (
				6022D2AF08092F777D01E6E988191CE5 /* Pods-StartAppsKit_Example */,
				E94FE14879D6D8F30B433EBB282097C8 /* Pods-StartAppsKit_Tests */,
			);
			name = "Targets Support Files";
			sourceTree = "<group>";
		};
		68CF0121C27FA6FFABB4B2A11A9A8777 /* Development Pods */ = {
			isa = PBXGroup;
			children = (
				92BA3142971DA8E5EFB6210D801320E4 /* StartAppsKit */,
			);
			name = "Development Pods";
			sourceTree = "<group>";
		};
		6B8F5DA50C1BB6C1A6B7460835274DBF /* ViewControllers */ = {
			isa = PBXGroup;
			children = (
				3AB25A0FD1A1B2C5B14AFECB924E0170 /* Pod */,
			);
			name = ViewControllers;
			sourceTree = "<group>";
		};
		70A8E4D3C62B6C203D238581DA091C21 /* SwiftyJSON */ = {
			isa = PBXGroup;
			children = (
				BDE506ECE97701EBA44FDBFF401C1A04 /* SwiftyJSON.swift */,
				8EC39E1DC11846207722B71AAFE40F98 /* Support Files */,
			);
			path = SwiftyJSON;
			sourceTree = "<group>";
		};
		7D6450268418E63A4285ACFF553C2C8D /* Extensions */ = {
			isa = PBXGroup;
			children = (
				AEE21E3C8C7526BBA2B001485E176F8C /* ButtonExtensions.swift */,
				9C9C457322CD9E17B6A95D323C6BB557 /* CollectionTypeExtensions.swift */,
				3E7AFD503A9BE9F220F3D0CBD427739A /* ColorExtensions.swift */,
				B6EF7C2191289C28956E01330644F992 /* DateExtensions.swift */,
				C5F4758028CD75EFB94F0038A9CD04CC /* DeviceExtensions.swift */,
				55FF3A20D1F4BF3104209929C8E073B7 /* ErrorExtensions.swift */,
				76E54823C0D562863CF2FD62D0D92E69 /* ImageExtensions.swift */,
				1DC58611A08BA2708AF083014D6766A5 /* NumberExtensions.swift */,
				F4730E665C14B3539F9135B5A9ED63E6 /* StringExtensions.swift */,
				08E7820A75EE4B6063A68647185485FC /* TimerExtensions.swift */,
				F238BB26B3750ACFA58D802DAABF6AD4 /* ViewExtensions.swift */,
			);
			path = Extensions;
			sourceTree = "<group>";
		};
		7DB346D0F39D3F0E887471402A8071AB = {
			isa = PBXGroup;
			children = (
				BA6428E9F66FD5A23C0A2E06ED26CD2F /* Podfile */,
				68CF0121C27FA6FFABB4B2A11A9A8777 /* Development Pods */,
				C6ED5A3E787448A6945EFE50CC0FBB96 /* Frameworks */,
				BD1E3C710F12F4B4C092FC8E2AD22110 /* Pods */,
				6052AF3038CF3CE2F014168B2C9FFAA6 /* Products */,
				61A1FF616ACCCD84A1773E03B732326C /* Targets Support Files */,
			);
			sourceTree = "<group>";
		};
		8EC39E1DC11846207722B71AAFE40F98 /* Support Files */ = {
			isa = PBXGroup;
			children = (
				C4A9A658C966F6BB111BEDBDEA1F874A /* Info.plist */,
				D032A29E584B77AE187E586922267CF5 /* SwiftyJSON.modulemap */,
				2E7F7C62EE34D2D271E6E1234A2002B2 /* SwiftyJSON.xcconfig */,
				32B9BBA8F5B33E56C38F5546432F66B7 /* SwiftyJSON-dummy.m */,
				BBF610E40BDF6E542FA21FF7E5491205 /* SwiftyJSON-prefix.pch */,
				05CA09B061E193906653AC21FD3A94F1 /* SwiftyJSON-umbrella.h */,
			);
			name = "Support Files";
			path = "../Target Support Files/SwiftyJSON";
			sourceTree = "<group>";
		};
		92221A94D02D14282827E7D0B1663C13 /* Support Files */ = {
			isa = PBXGroup;
			children = (
				DE6915EA1A4DC22E1867C96734E870DE /* Info.plist */,
				F0A04D9FA1EBBC710D79FCFF1AC65767 /* StartAppsKit.modulemap */,
				DE22C5821F93B49DF2F585F311990E01 /* StartAppsKit.xcconfig */,
				C6715E9B7D0E44317C3A1BC799852047 /* StartAppsKit-dummy.m */,
				3F649C789ACC4561561501FC74054034 /* StartAppsKit-prefix.pch */,
				64E063B8E2018EE869092D6BFDCAA0B9 /* StartAppsKit-umbrella.h */,
			);
			name = "Support Files";
			path = "Example/Pods/Target Support Files/StartAppsKit";
			sourceTree = "<group>";
		};
		92BA3142971DA8E5EFB6210D801320E4 /* StartAppsKit */ = {
			isa = PBXGroup;
			children = (
				42EDF74986EF1A2896E35C9AB0F8473C /* Extensions */,
				D45FD05B9374A734F5853A87330FF128 /* LoadActions */,
				559A8765D06448BC9FE810AE7DD8EE77 /* Logging */,
				92221A94D02D14282827E7D0B1663C13 /* Support Files */,
				6B8F5DA50C1BB6C1A6B7460835274DBF /* ViewControllers */,
			);
			name = StartAppsKit;
			path = ../..;
			sourceTree = "<group>";
		};
		9928E709C3F4A92955FE7511EDC8554B /* Pod */ = {
			isa = PBXGroup;
			children = (
				E1ABCDB99A2DAC9A22FC5B9C971C47E8 /* Classes */,
			);
			path = Pod;
			sourceTree = "<group>";
		};
		BD1E3C710F12F4B4C092FC8E2AD22110 /* Pods */ = {
			isa = PBXGroup;
			children = (
				70A8E4D3C62B6C203D238581DA091C21 /* SwiftyJSON */,
			);
			name = Pods;
			sourceTree = "<group>";
		};
		C6ED5A3E787448A6945EFE50CC0FBB96 /* Frameworks */ = {
			isa = PBXGroup;
			children = (
				67FFCD49AD003C79D3140174B3342095 /* SwiftyJSON.framework */,
				3F3EB604853F650F439396B8447C42FC /* iOS */,
			);
			name = Frameworks;
			sourceTree = "<group>";
		};
		CFAB885719B5DD7E1B410FA935ABCAA4 /* LoadActions */ = {
			isa = PBXGroup;
			children = (
				236235283C8F4AFA9D78CE9990B201F4 /* CacheLoadAction.swift */,
				E83DD49E5D253AF735AC28E20278BCCE /* GroupLoadAction.swift */,
				F86B1D08C7001953B753037A0209B1E9 /* LoadAction.swift */,
				EC59BFF1F4C67AEEAB51DD8D0F0FEA47 /* LoadActionProtocol.swift */,
				394139DFCDACCCFCCB63720EE0524F6F /* LoadActionViewDelegates.swift */,
				9064461EA56D27EA6AB5452E4320F1E1 /* StaticLoadAction.swift */,
				AC4B727E377C64F4B4D63838ECF55A56 /* WebLoadAction.swift */,
				8C1122CDAB9DC8E272CAF02AFC860349 /* JsonWebLoadAction.swift */,
			);
			path = LoadActions;
			sourceTree = "<group>";
		};
		D45FD05B9374A734F5853A87330FF128 /* LoadActions */ = {
			isa = PBXGroup;
			children = (
				9928E709C3F4A92955FE7511EDC8554B /* Pod */,
			);
			name = LoadActions;
			sourceTree = "<group>";
		};
		E1ABCDB99A2DAC9A22FC5B9C971C47E8 /* Classes */ = {
			isa = PBXGroup;
			children = (
				CFAB885719B5DD7E1B410FA935ABCAA4 /* LoadActions */,
			);
			path = Classes;
			sourceTree = "<group>";
		};
		E6C98FB0DAEAB945D82ADD3C3009A8D9 /* Logging */ = {
			isa = PBXGroup;
			children = (
				6172745A10810D632D9C3E802F80AC25 /* Logging.swift */,
			);
			path = Logging;
			sourceTree = "<group>";
		};
		E94FE14879D6D8F30B433EBB282097C8 /* Pods-StartAppsKit_Tests */ = {
			isa = PBXGroup;
			children = (
				E7185929A5A930AA9B94DAF0452B3E19 /* Info.plist */,
				34531847E4E61EEEE7F4BF0667C65561 /* Pods-StartAppsKit_Tests.modulemap */,
				B964AE7524C98408F53BEFA4E69886E8 /* Pods-StartAppsKit_Tests-acknowledgements.markdown */,
				FD97AC5845D99E6BEA10407C7F0F1BDA /* Pods-StartAppsKit_Tests-acknowledgements.plist */,
				36EB8EEBDC1D10D14BC243E7D925A65C /* Pods-StartAppsKit_Tests-dummy.m */,
				564908E305C79B69682032F8504D0B85 /* Pods-StartAppsKit_Tests-frameworks.sh */,
				E6EE5C85FCD69DE10B9B948FD678A751 /* Pods-StartAppsKit_Tests-resources.sh */,
				908F0033992961F35CF197ECB94E14A4 /* Pods-StartAppsKit_Tests-umbrella.h */,
				4139885265097F2AEA72EF75F433CA45 /* Pods-StartAppsKit_Tests.debug.xcconfig */,
				0DEBCC50B3B50E0C5A37E0B7A3865E97 /* Pods-StartAppsKit_Tests.release.xcconfig */,
			);
			name = "Pods-StartAppsKit_Tests";
			path = "Target Support Files/Pods-StartAppsKit_Tests";
			sourceTree = "<group>";
		};
		EFC6789BE952F845A809F73C04E526E2 /* Pod */ = {
			isa = PBXGroup;
			children = (
				350A0A0624804CA67BF4218E0B6248EB /* Classes */,
			);
			path = Pod;
			sourceTree = "<group>";
		};
/* End PBXGroup section */

/* Begin PBXHeadersBuildPhase section */
		44CAADAB65ECDB668CD9121187380BAC /* Headers */ = {
			isa = PBXHeadersBuildPhase;
			buildActionMask = 2147483647;
			files = (
				F7813E94CAEE9445DA5CC27EDDD1B6BE /* Pods-StartAppsKit_Tests-umbrella.h in Headers */,
			);
			runOnlyForDeploymentPostprocessing = 0;
		};
		60C21028A443D219FF163F07B8B8ED85 /* Headers */ = {
			isa = PBXHeadersBuildPhase;
			buildActionMask = 2147483647;
			files = (
				953A59A51CF8396D7DBD62429399B4FD /* Pods-StartAppsKit_Example-umbrella.h in Headers */,
			);
			runOnlyForDeploymentPostprocessing = 0;
		};
		930ABED6A90B04253B4B9298BD49B2E7 /* Headers */ = {
			isa = PBXHeadersBuildPhase;
			buildActionMask = 2147483647;
			files = (
				024C4A9D4AE195ABD72730B5F5E7C50B /* StartAppsKit-umbrella.h in Headers */,
			);
			runOnlyForDeploymentPostprocessing = 0;
		};
		B4D660E889450F827758758BCE7C607C /* Headers */ = {
			isa = PBXHeadersBuildPhase;
			buildActionMask = 2147483647;
			files = (
				F07F68F721F46498B7C47381E6B9E049 /* SwiftyJSON-umbrella.h in Headers */,
			);
			runOnlyForDeploymentPostprocessing = 0;
		};
/* End PBXHeadersBuildPhase section */

/* Begin PBXNativeTarget section */
		2F6164F8AC81DC4433CC8796B88C6ED0 /* StartAppsKit */ = {
			isa = PBXNativeTarget;
			buildConfigurationList = 66D244B31F55B980128B2110A30C1F8F /* Build configuration list for PBXNativeTarget "StartAppsKit" */;
			buildPhases = (
				96DB96A19F101C9054E91169DCB3CFD2 /* Sources */,
				F518AE920D67100DA469FD10D3D3BAF3 /* Frameworks */,
				930ABED6A90B04253B4B9298BD49B2E7 /* Headers */,
			);
			buildRules = (
			);
			dependencies = (
				6B29924C1990DBD0BCF61AD0C91D19AF /* PBXTargetDependency */,
			);
			name = StartAppsKit;
			productName = StartAppsKit;
			productReference = 698F0BE76BB7AF9A59114925DD49C045 /* StartAppsKit.framework */;
			productType = "com.apple.product-type.framework";
		};
		5CDA8A3E5AF18F83725A667F778A4CD5 /* Pods-StartAppsKit_Tests */ = {
			isa = PBXNativeTarget;
			buildConfigurationList = 7F45713D4CED9539D3706E08DD350387 /* Build configuration list for PBXNativeTarget "Pods-StartAppsKit_Tests" */;
			buildPhases = (
				2C55787FFB13DE9B9B1724979809EFAC /* Sources */,
				FD0C211E36A8FF931CB3DF3190832908 /* Frameworks */,
				44CAADAB65ECDB668CD9121187380BAC /* Headers */,
			);
			buildRules = (
			);
			dependencies = (
				627A31C7E589F0D18D9676C4C3B14692 /* PBXTargetDependency */,
				00ED7BEE0535EFFCE80E49528003D2A0 /* PBXTargetDependency */,
			);
			name = "Pods-StartAppsKit_Tests";
			productName = "Pods-StartAppsKit_Tests";
			productReference = CB53D8415AB15CD44B91EB724FE24D57 /* Pods_StartAppsKit_Tests.framework */;
			productType = "com.apple.product-type.framework";
		};
		8E3C7883155CBD3C19D3E2859C73BF5F /* SwiftyJSON */ = {
			isa = PBXNativeTarget;
			buildConfigurationList = 32BA2E04006C0AB3AC61CDAD26F19425 /* Build configuration list for PBXNativeTarget "SwiftyJSON" */;
			buildPhases = (
				C5E0C4C08D2689890A583246A0E65365 /* Sources */,
				3BB4A6C88ED333F8E6D1C9EA5439D2BB /* Frameworks */,
				B4D660E889450F827758758BCE7C607C /* Headers */,
			);
			buildRules = (
			);
			dependencies = (
			);
			name = SwiftyJSON;
			productName = SwiftyJSON;
			productReference = 5E019A8C6557CD7878D098C2A445232D /* SwiftyJSON.framework */;
			productType = "com.apple.product-type.framework";
		};
		9CC35424513D7FDD1D1DFE8601D42A3B /* Pods-StartAppsKit_Example */ = {
			isa = PBXNativeTarget;
			buildConfigurationList = 154BB18C72C52E16F51E2F095B13970E /* Build configuration list for PBXNativeTarget "Pods-StartAppsKit_Example" */;
			buildPhases = (
				2CD9FF0F646840DBC1F9D9E32BA0BC51 /* Sources */,
				AD87CB4865752FFFB65CB7B834E270B5 /* Frameworks */,
				60C21028A443D219FF163F07B8B8ED85 /* Headers */,
			);
			buildRules = (
			);
			dependencies = (
				3B330798B5FED9E42CA7477807D85B9D /* PBXTargetDependency */,
				D9C948C0E32BA64D2148F1214F1483F0 /* PBXTargetDependency */,
			);
			name = "Pods-StartAppsKit_Example";
			productName = "Pods-StartAppsKit_Example";
			productReference = 608C251522539A4799A794861257586D /* Pods_StartAppsKit_Example.framework */;
			productType = "com.apple.product-type.framework";
		};
/* End PBXNativeTarget section */

/* Begin PBXProject section */
		D41D8CD98F00B204E9800998ECF8427E /* Project object */ = {
			isa = PBXProject;
			attributes = {
				LastSwiftUpdateCheck = 0720;
				LastUpgradeCheck = 0700;
			};
			buildConfigurationList = 2D8E8EC45A3A1A1D94AE762CB5028504 /* Build configuration list for PBXProject "Pods" */;
			compatibilityVersion = "Xcode 3.2";
			developmentRegion = English;
			hasScannedForEncodings = 0;
			knownRegions = (
				en,
			);
			mainGroup = 7DB346D0F39D3F0E887471402A8071AB;
			productRefGroup = 6052AF3038CF3CE2F014168B2C9FFAA6 /* Products */;
			projectDirPath = "";
			projectRoot = "";
			targets = (
				9CC35424513D7FDD1D1DFE8601D42A3B /* Pods-StartAppsKit_Example */,
				5CDA8A3E5AF18F83725A667F778A4CD5 /* Pods-StartAppsKit_Tests */,
				2F6164F8AC81DC4433CC8796B88C6ED0 /* StartAppsKit */,
				8E3C7883155CBD3C19D3E2859C73BF5F /* SwiftyJSON */,
			);
		};
/* End PBXProject section */

/* Begin PBXSourcesBuildPhase section */
		2C55787FFB13DE9B9B1724979809EFAC /* Sources */ = {
			isa = PBXSourcesBuildPhase;
			buildActionMask = 2147483647;
			files = (
				CCADDD26E231100E22245D213EEF1A64 /* Pods-StartAppsKit_Tests-dummy.m in Sources */,
			);
			runOnlyForDeploymentPostprocessing = 0;
		};
		2CD9FF0F646840DBC1F9D9E32BA0BC51 /* Sources */ = {
			isa = PBXSourcesBuildPhase;
			buildActionMask = 2147483647;
			files = (
				99F5DD2B28F3F56E775D5275C2426247 /* Pods-StartAppsKit_Example-dummy.m in Sources */,
			);
			runOnlyForDeploymentPostprocessing = 0;
		};
		96DB96A19F101C9054E91169DCB3CFD2 /* Sources */ = {
			isa = PBXSourcesBuildPhase;
			buildActionMask = 2147483647;
			files = (
				59ABCE3F24E2F448F5FFF1A6D3AAC0DB /* ButtonExtensions.swift in Sources */,
				5118B5D46F199B28B854280DA6EF1AF3 /* CacheLoadAction.swift in Sources */,
				C361656073208C855AEAD0BD62DE5657 /* CollectionTypeExtensions.swift in Sources */,
				5608B6412BB50414D1DCA1BE259CEF8B /* ColorExtensions.swift in Sources */,
				E6293D33DC928B85FAE76E830ED6ECDA /* DateExtensions.swift in Sources */,
				256D8BDA31397E5E128ED3A65E99F5C1 /* DeviceExtensions.swift in Sources */,
				726BF7FDB29F1C68B491C11C1DF4403D /* ErrorExtensions.swift in Sources */,
				82F94937F4914D97AEE52631FAAFDB9A /* GroupLoadAction.swift in Sources */,
				4F0F86F29941EFB1154D56B1191EC79A /* ImageExtensions.swift in Sources */,
				6529E7763B8925693512AB894A1221D8 /* JsonWebLoadAction.swift in Sources */,
				EDD9598C442B790DE39149407FCFE76C /* LoadAction.swift in Sources */,
				D96F9297AB96301CF852363FFC7C4261 /* LoadActionProtocol.swift in Sources */,
				2F407548839F60F6164F112FDF64D88E /* LoadActionViewDelegates.swift in Sources */,
				05582932C0D276FC00EBD518D41F2F9D /* Logging.swift in Sources */,
				3B024AE35E2412E546E5360A534F9402 /* NumberExtensions.swift in Sources */,
				89A13D2E6777913FB0B85EE2A065A7C6 /* SAStaticTableViewCells.swift in Sources */,
				CD66E6C50A8C656CD1BC699AA956D7DC /* SAStaticTableViewController.swift in Sources */,
				E19E682104772437C8A126F23DECE455 /* SATableViewCells.swift in Sources */,
				D2652D2966356C97F47F08657C9A6AFA /* SATableViewController.swift in Sources */,
				3B0549DBFE95F4E7C969727E099823E3 /* SATableViewControllerOld.swift in Sources */,
				2FC26FF6F02FD916774F4D384FF78C85 /* SAViewController.swift in Sources */,
				B2BA036E5C47B0E0130F65320A43F5AC /* StartAppsKit-dummy.m in Sources */,
				65D9385D3746DE3279392B219BFDBD70 /* StaticLoadAction.swift in Sources */,
				EE54698BA408E4D9A4B5BA89F461B475 /* StringExtensions.swift in Sources */,
				08171F535B1F9ACEB33E3CC8CBDA6B62 /* TimerExtensions.swift in Sources */,
				37041913EF361A4F073E254BBCE9E9B1 /* ViewExtensions.swift in Sources */,
				BB669197C49CB2B8723CBB4EB6A32975 /* WebLoadAction.swift in Sources */,
			);
			runOnlyForDeploymentPostprocessing = 0;
		};
		C5E0C4C08D2689890A583246A0E65365 /* Sources */ = {
			isa = PBXSourcesBuildPhase;
			buildActionMask = 2147483647;
			files = (
				8C10A5D4FE2D4518143BF736D0D79214 /* SwiftyJSON-dummy.m in Sources */,
				35832C798776B84D9CE1B7DBE96634B3 /* SwiftyJSON.swift in Sources */,
			);
			runOnlyForDeploymentPostprocessing = 0;
		};
/* End PBXSourcesBuildPhase section */

/* Begin PBXTargetDependency section */
		00ED7BEE0535EFFCE80E49528003D2A0 /* PBXTargetDependency */ = {
			isa = PBXTargetDependency;
			name = SwiftyJSON;
			target = 8E3C7883155CBD3C19D3E2859C73BF5F /* SwiftyJSON */;
			targetProxy = 213B7CEC294FE1BEED9082AFC354B4D5 /* PBXContainerItemProxy */;
		};
		3B330798B5FED9E42CA7477807D85B9D /* PBXTargetDependency */ = {
			isa = PBXTargetDependency;
			name = StartAppsKit;
			target = 2F6164F8AC81DC4433CC8796B88C6ED0 /* StartAppsKit */;
			targetProxy = 8A6CFE0D71D143C8F615C3030B1D1042 /* PBXContainerItemProxy */;
		};
		627A31C7E589F0D18D9676C4C3B14692 /* PBXTargetDependency */ = {
			isa = PBXTargetDependency;
			name = StartAppsKit;
			target = 2F6164F8AC81DC4433CC8796B88C6ED0 /* StartAppsKit */;
			targetProxy = 2D8C8D663931D4CF0B5C9485BFAA673C /* PBXContainerItemProxy */;
		};
		6B29924C1990DBD0BCF61AD0C91D19AF /* PBXTargetDependency */ = {
			isa = PBXTargetDependency;
			name = SwiftyJSON;
			target = 8E3C7883155CBD3C19D3E2859C73BF5F /* SwiftyJSON */;
			targetProxy = 4229673E58AE6E22A219B69E948578A6 /* PBXContainerItemProxy */;
		};
		D9C948C0E32BA64D2148F1214F1483F0 /* PBXTargetDependency */ = {
			isa = PBXTargetDependency;
			name = SwiftyJSON;
			target = 8E3C7883155CBD3C19D3E2859C73BF5F /* SwiftyJSON */;
			targetProxy = A46DA7A2D4469BAB8D8BE515B4513406 /* PBXContainerItemProxy */;
		};
/* End PBXTargetDependency section */

/* Begin XCBuildConfiguration section */
		25DFD44082D3B22BD53BE0774F468566 /* Debug */ = {
			isa = XCBuildConfiguration;
			buildSettings = {
				ALWAYS_SEARCH_USER_PATHS = NO;
				CLANG_ALLOW_NON_MODULAR_INCLUDES_IN_FRAMEWORK_MODULES = YES;
				CLANG_CXX_LANGUAGE_STANDARD = "gnu++0x";
				CLANG_CXX_LIBRARY = "libc++";
				CLANG_ENABLE_MODULES = YES;
				CLANG_ENABLE_OBJC_ARC = YES;
				CLANG_WARN_BOOL_CONVERSION = YES;
				CLANG_WARN_CONSTANT_CONVERSION = YES;
				CLANG_WARN_DIRECT_OBJC_ISA_USAGE = YES;
				CLANG_WARN_EMPTY_BODY = YES;
				CLANG_WARN_ENUM_CONVERSION = YES;
				CLANG_WARN_INT_CONVERSION = YES;
				CLANG_WARN_OBJC_ROOT_CLASS = YES;
				CLANG_WARN_UNREACHABLE_CODE = YES;
				CLANG_WARN__DUPLICATE_METHOD_MATCH = YES;
				COPY_PHASE_STRIP = NO;
				ENABLE_TESTABILITY = YES;
				GCC_C_LANGUAGE_STANDARD = gnu99;
				GCC_DYNAMIC_NO_PIC = NO;
				GCC_OPTIMIZATION_LEVEL = 0;
				GCC_PREPROCESSOR_DEFINITIONS = (
					"POD_CONFIGURATION_DEBUG=1",
					"DEBUG=1",
					"$(inherited)",
				);
				GCC_SYMBOLS_PRIVATE_EXTERN = NO;
				GCC_WARN_64_TO_32_BIT_CONVERSION = YES;
				GCC_WARN_ABOUT_RETURN_TYPE = YES;
				GCC_WARN_UNDECLARED_SELECTOR = YES;
				GCC_WARN_UNINITIALIZED_AUTOS = YES;
				GCC_WARN_UNUSED_FUNCTION = YES;
				GCC_WARN_UNUSED_VARIABLE = YES;
				IPHONEOS_DEPLOYMENT_TARGET = 8.0;
				ONLY_ACTIVE_ARCH = YES;
				STRIP_INSTALLED_PRODUCT = NO;
				SYMROOT = "${SRCROOT}/../build";
			};
			name = Debug;
		};
		4057F0D3906A6386D16A90D03242DB02 /* Release */ = {
			isa = XCBuildConfiguration;
			baseConfigurationReference = 2E7F7C62EE34D2D271E6E1234A2002B2 /* SwiftyJSON.xcconfig */;
			buildSettings = {
				"CODE_SIGN_IDENTITY[sdk=iphoneos*]" = "iPhone Developer";
				CURRENT_PROJECT_VERSION = 1;
				DEBUG_INFORMATION_FORMAT = "dwarf-with-dsym";
				DEFINES_MODULE = YES;
				DYLIB_COMPATIBILITY_VERSION = 1;
				DYLIB_CURRENT_VERSION = 1;
				DYLIB_INSTALL_NAME_BASE = "@rpath";
				ENABLE_STRICT_OBJC_MSGSEND = YES;
				GCC_NO_COMMON_BLOCKS = YES;
				GCC_PREFIX_HEADER = "Target Support Files/SwiftyJSON/SwiftyJSON-prefix.pch";
				INFOPLIST_FILE = "Target Support Files/SwiftyJSON/Info.plist";
				INSTALL_PATH = "$(LOCAL_LIBRARY_DIR)/Frameworks";
				IPHONEOS_DEPLOYMENT_TARGET = 8.0;
				LD_RUNPATH_SEARCH_PATHS = "$(inherited) @executable_path/Frameworks @loader_path/Frameworks";
				MODULEMAP_FILE = "Target Support Files/SwiftyJSON/SwiftyJSON.modulemap";
				MTL_ENABLE_DEBUG_INFO = NO;
				PRODUCT_NAME = SwiftyJSON;
				SDKROOT = iphoneos;
				SKIP_INSTALL = YES;
				TARGETED_DEVICE_FAMILY = "1,2";
				VERSIONING_SYSTEM = "apple-generic";
				VERSION_INFO_PREFIX = "";
			};
			name = Release;
		};
		59902AEAC8F5AD531E3276B91E353AE8 /* Release */ = {
			isa = XCBuildConfiguration;
			baseConfigurationReference = 0DEBCC50B3B50E0C5A37E0B7A3865E97 /* Pods-StartAppsKit_Tests.release.xcconfig */;
			buildSettings = {
				"CODE_SIGN_IDENTITY[sdk=iphoneos*]" = "iPhone Developer";
				CURRENT_PROJECT_VERSION = 1;
				DEBUG_INFORMATION_FORMAT = "dwarf-with-dsym";
				DEFINES_MODULE = YES;
				DYLIB_COMPATIBILITY_VERSION = 1;
				DYLIB_CURRENT_VERSION = 1;
				DYLIB_INSTALL_NAME_BASE = "@rpath";
				ENABLE_STRICT_OBJC_MSGSEND = YES;
				GCC_NO_COMMON_BLOCKS = YES;
				INFOPLIST_FILE = "Target Support Files/Pods-StartAppsKit_Tests/Info.plist";
				INSTALL_PATH = "$(LOCAL_LIBRARY_DIR)/Frameworks";
				IPHONEOS_DEPLOYMENT_TARGET = 8.0;
				LD_RUNPATH_SEARCH_PATHS = "$(inherited) @executable_path/Frameworks @loader_path/Frameworks";
				MACH_O_TYPE = staticlib;
				MODULEMAP_FILE = "Target Support Files/Pods-StartAppsKit_Tests/Pods-StartAppsKit_Tests.modulemap";
				MTL_ENABLE_DEBUG_INFO = NO;
				OTHER_LDFLAGS = "";
				OTHER_LIBTOOLFLAGS = "";
				PODS_ROOT = "$(SRCROOT)";
				PRODUCT_BUNDLE_IDENTIFIER = "org.cocoapods.${PRODUCT_NAME:rfc1034identifier}";
				PRODUCT_NAME = Pods_StartAppsKit_Tests;
				SDKROOT = iphoneos;
				SKIP_INSTALL = YES;
				TARGETED_DEVICE_FAMILY = "1,2";
				VERSIONING_SYSTEM = "apple-generic";
				VERSION_INFO_PREFIX = "";
			};
			name = Release;
		};
		898F087FB11E0E726868CD853E658822 /* Debug */ = {
			isa = XCBuildConfiguration;
			baseConfigurationReference = 2E7F7C62EE34D2D271E6E1234A2002B2 /* SwiftyJSON.xcconfig */;
			buildSettings = {
				"CODE_SIGN_IDENTITY[sdk=iphoneos*]" = "iPhone Developer";
				CURRENT_PROJECT_VERSION = 1;
				DEBUG_INFORMATION_FORMAT = dwarf;
				DEFINES_MODULE = YES;
				DYLIB_COMPATIBILITY_VERSION = 1;
				DYLIB_CURRENT_VERSION = 1;
				DYLIB_INSTALL_NAME_BASE = "@rpath";
				ENABLE_STRICT_OBJC_MSGSEND = YES;
				GCC_NO_COMMON_BLOCKS = YES;
				GCC_PREFIX_HEADER = "Target Support Files/SwiftyJSON/SwiftyJSON-prefix.pch";
				INFOPLIST_FILE = "Target Support Files/SwiftyJSON/Info.plist";
				INSTALL_PATH = "$(LOCAL_LIBRARY_DIR)/Frameworks";
				IPHONEOS_DEPLOYMENT_TARGET = 8.0;
				LD_RUNPATH_SEARCH_PATHS = "$(inherited) @executable_path/Frameworks @loader_path/Frameworks";
				MODULEMAP_FILE = "Target Support Files/SwiftyJSON/SwiftyJSON.modulemap";
				MTL_ENABLE_DEBUG_INFO = YES;
				PRODUCT_NAME = SwiftyJSON;
				SDKROOT = iphoneos;
				SKIP_INSTALL = YES;
				SWIFT_OPTIMIZATION_LEVEL = "-Onone";
				TARGETED_DEVICE_FAMILY = "1,2";
				VERSIONING_SYSTEM = "apple-generic";
				VERSION_INFO_PREFIX = "";
			};
			name = Debug;
		};
		902F148AD3014AF9CDBF79F87DFCD4F0 /* Release */ = {
			isa = XCBuildConfiguration;
			buildSettings = {
				ALWAYS_SEARCH_USER_PATHS = NO;
				CLANG_ALLOW_NON_MODULAR_INCLUDES_IN_FRAMEWORK_MODULES = YES;
				CLANG_CXX_LANGUAGE_STANDARD = "gnu++0x";
				CLANG_CXX_LIBRARY = "libc++";
				CLANG_ENABLE_MODULES = YES;
				CLANG_ENABLE_OBJC_ARC = YES;
				CLANG_WARN_BOOL_CONVERSION = YES;
				CLANG_WARN_CONSTANT_CONVERSION = YES;
				CLANG_WARN_DIRECT_OBJC_ISA_USAGE = YES;
				CLANG_WARN_EMPTY_BODY = YES;
				CLANG_WARN_ENUM_CONVERSION = YES;
				CLANG_WARN_INT_CONVERSION = YES;
				CLANG_WARN_OBJC_ROOT_CLASS = YES;
				CLANG_WARN_UNREACHABLE_CODE = YES;
				CLANG_WARN__DUPLICATE_METHOD_MATCH = YES;
				COPY_PHASE_STRIP = YES;
				ENABLE_NS_ASSERTIONS = NO;
				GCC_C_LANGUAGE_STANDARD = gnu99;
				GCC_PREPROCESSOR_DEFINITIONS = (
					"POD_CONFIGURATION_RELEASE=1",
					"$(inherited)",
				);
				GCC_WARN_64_TO_32_BIT_CONVERSION = YES;
				GCC_WARN_ABOUT_RETURN_TYPE = YES;
				GCC_WARN_UNDECLARED_SELECTOR = YES;
				GCC_WARN_UNINITIALIZED_AUTOS = YES;
				GCC_WARN_UNUSED_FUNCTION = YES;
				GCC_WARN_UNUSED_VARIABLE = YES;
				IPHONEOS_DEPLOYMENT_TARGET = 8.0;
				STRIP_INSTALLED_PRODUCT = NO;
				SYMROOT = "${SRCROOT}/../build";
				VALIDATE_PRODUCT = YES;
			};
			name = Release;
		};
		C91D53D822F40EE65AF21EF46CA7513F /* Release */ = {
			isa = XCBuildConfiguration;
			baseConfigurationReference = DE22C5821F93B49DF2F585F311990E01 /* StartAppsKit.xcconfig */;
			buildSettings = {
				"CODE_SIGN_IDENTITY[sdk=iphoneos*]" = "iPhone Developer";
				CURRENT_PROJECT_VERSION = 1;
				DEBUG_INFORMATION_FORMAT = "dwarf-with-dsym";
				DEFINES_MODULE = YES;
				DYLIB_COMPATIBILITY_VERSION = 1;
				DYLIB_CURRENT_VERSION = 1;
				DYLIB_INSTALL_NAME_BASE = "@rpath";
				ENABLE_STRICT_OBJC_MSGSEND = YES;
				GCC_NO_COMMON_BLOCKS = YES;
				GCC_PREFIX_HEADER = "Target Support Files/StartAppsKit/StartAppsKit-prefix.pch";
				INFOPLIST_FILE = "Target Support Files/StartAppsKit/Info.plist";
				INSTALL_PATH = "$(LOCAL_LIBRARY_DIR)/Frameworks";
				IPHONEOS_DEPLOYMENT_TARGET = 8.0;
				LD_RUNPATH_SEARCH_PATHS = "$(inherited) @executable_path/Frameworks @loader_path/Frameworks";
				MODULEMAP_FILE = "Target Support Files/StartAppsKit/StartAppsKit.modulemap";
				MTL_ENABLE_DEBUG_INFO = NO;
				PRODUCT_NAME = StartAppsKit;
				SDKROOT = iphoneos;
				SKIP_INSTALL = YES;
				TARGETED_DEVICE_FAMILY = "1,2";
				VERSIONING_SYSTEM = "apple-generic";
				VERSION_INFO_PREFIX = "";
			};
			name = Release;
		};
		C98979B6CF472EDB929B88CE78DDC9B8 /* Debug */ = {
			isa = XCBuildConfiguration;
			baseConfigurationReference = 4139885265097F2AEA72EF75F433CA45 /* Pods-StartAppsKit_Tests.debug.xcconfig */;
			buildSettings = {
				"CODE_SIGN_IDENTITY[sdk=iphoneos*]" = "iPhone Developer";
				CURRENT_PROJECT_VERSION = 1;
				DEBUG_INFORMATION_FORMAT = dwarf;
				DEFINES_MODULE = YES;
				DYLIB_COMPATIBILITY_VERSION = 1;
				DYLIB_CURRENT_VERSION = 1;
				DYLIB_INSTALL_NAME_BASE = "@rpath";
				ENABLE_STRICT_OBJC_MSGSEND = YES;
				GCC_NO_COMMON_BLOCKS = YES;
				INFOPLIST_FILE = "Target Support Files/Pods-StartAppsKit_Tests/Info.plist";
				INSTALL_PATH = "$(LOCAL_LIBRARY_DIR)/Frameworks";
				IPHONEOS_DEPLOYMENT_TARGET = 8.0;
				LD_RUNPATH_SEARCH_PATHS = "$(inherited) @executable_path/Frameworks @loader_path/Frameworks";
				MACH_O_TYPE = staticlib;
				MODULEMAP_FILE = "Target Support Files/Pods-StartAppsKit_Tests/Pods-StartAppsKit_Tests.modulemap";
				MTL_ENABLE_DEBUG_INFO = YES;
				OTHER_LDFLAGS = "";
				OTHER_LIBTOOLFLAGS = "";
				PODS_ROOT = "$(SRCROOT)";
				PRODUCT_BUNDLE_IDENTIFIER = "org.cocoapods.${PRODUCT_NAME:rfc1034identifier}";
				PRODUCT_NAME = Pods_StartAppsKit_Tests;
				SDKROOT = iphoneos;
				SKIP_INSTALL = YES;
				SWIFT_OPTIMIZATION_LEVEL = "-Onone";
				TARGETED_DEVICE_FAMILY = "1,2";
				VERSIONING_SYSTEM = "apple-generic";
				VERSION_INFO_PREFIX = "";
			};
			name = Debug;
		};
		CA6884AF498F02142BB6E5FF373E3B46 /* Debug */ = {
			isa = XCBuildConfiguration;
			baseConfigurationReference = DE22C5821F93B49DF2F585F311990E01 /* StartAppsKit.xcconfig */;
			buildSettings = {
				"CODE_SIGN_IDENTITY[sdk=iphoneos*]" = "iPhone Developer";
				CURRENT_PROJECT_VERSION = 1;
				DEBUG_INFORMATION_FORMAT = dwarf;
				DEFINES_MODULE = YES;
				DYLIB_COMPATIBILITY_VERSION = 1;
				DYLIB_CURRENT_VERSION = 1;
				DYLIB_INSTALL_NAME_BASE = "@rpath";
				ENABLE_STRICT_OBJC_MSGSEND = YES;
				GCC_NO_COMMON_BLOCKS = YES;
				GCC_PREFIX_HEADER = "Target Support Files/StartAppsKit/StartAppsKit-prefix.pch";
				INFOPLIST_FILE = "Target Support Files/StartAppsKit/Info.plist";
				INSTALL_PATH = "$(LOCAL_LIBRARY_DIR)/Frameworks";
				IPHONEOS_DEPLOYMENT_TARGET = 8.0;
				LD_RUNPATH_SEARCH_PATHS = "$(inherited) @executable_path/Frameworks @loader_path/Frameworks";
				MODULEMAP_FILE = "Target Support Files/StartAppsKit/StartAppsKit.modulemap";
				MTL_ENABLE_DEBUG_INFO = YES;
				PRODUCT_NAME = StartAppsKit;
				SDKROOT = iphoneos;
				SKIP_INSTALL = YES;
				SWIFT_OPTIMIZATION_LEVEL = "-Onone";
				TARGETED_DEVICE_FAMILY = "1,2";
				VERSIONING_SYSTEM = "apple-generic";
				VERSION_INFO_PREFIX = "";
			};
			name = Debug;
		};
		F2161E88A0637C17B9F8C54E2CA591EB /* Release */ = {
			isa = XCBuildConfiguration;
			baseConfigurationReference = 7E05D6DBBD75A5F7501E9C382251A009 /* Pods-StartAppsKit_Example.release.xcconfig */;
			buildSettings = {
				"CODE_SIGN_IDENTITY[sdk=iphoneos*]" = "iPhone Developer";
				CURRENT_PROJECT_VERSION = 1;
				DEBUG_INFORMATION_FORMAT = "dwarf-with-dsym";
				DEFINES_MODULE = YES;
				DYLIB_COMPATIBILITY_VERSION = 1;
				DYLIB_CURRENT_VERSION = 1;
				DYLIB_INSTALL_NAME_BASE = "@rpath";
				ENABLE_STRICT_OBJC_MSGSEND = YES;
				GCC_NO_COMMON_BLOCKS = YES;
				INFOPLIST_FILE = "Target Support Files/Pods-StartAppsKit_Example/Info.plist";
				INSTALL_PATH = "$(LOCAL_LIBRARY_DIR)/Frameworks";
				IPHONEOS_DEPLOYMENT_TARGET = 8.0;
				LD_RUNPATH_SEARCH_PATHS = "$(inherited) @executable_path/Frameworks @loader_path/Frameworks";
				MACH_O_TYPE = staticlib;
				MODULEMAP_FILE = "Target Support Files/Pods-StartAppsKit_Example/Pods-StartAppsKit_Example.modulemap";
				MTL_ENABLE_DEBUG_INFO = NO;
				OTHER_LDFLAGS = "";
				OTHER_LIBTOOLFLAGS = "";
				PODS_ROOT = "$(SRCROOT)";
				PRODUCT_BUNDLE_IDENTIFIER = "org.cocoapods.${PRODUCT_NAME:rfc1034identifier}";
				PRODUCT_NAME = Pods_StartAppsKit_Example;
				SDKROOT = iphoneos;
				SKIP_INSTALL = YES;
				TARGETED_DEVICE_FAMILY = "1,2";
				VERSIONING_SYSTEM = "apple-generic";
				VERSION_INFO_PREFIX = "";
			};
			name = Release;
		};
		FF787BC45D4D3D9CCBBB32FC92D217D8 /* Debug */ = {
			isa = XCBuildConfiguration;
			baseConfigurationReference = 4132EC4E943EBDF0A8F03F28DE37E818 /* Pods-StartAppsKit_Example.debug.xcconfig */;
			buildSettings = {
				"CODE_SIGN_IDENTITY[sdk=iphoneos*]" = "iPhone Developer";
				CURRENT_PROJECT_VERSION = 1;
				DEBUG_INFORMATION_FORMAT = dwarf;
				DEFINES_MODULE = YES;
				DYLIB_COMPATIBILITY_VERSION = 1;
				DYLIB_CURRENT_VERSION = 1;
				DYLIB_INSTALL_NAME_BASE = "@rpath";
				ENABLE_STRICT_OBJC_MSGSEND = YES;
				GCC_NO_COMMON_BLOCKS = YES;
				INFOPLIST_FILE = "Target Support Files/Pods-StartAppsKit_Example/Info.plist";
				INSTALL_PATH = "$(LOCAL_LIBRARY_DIR)/Frameworks";
				IPHONEOS_DEPLOYMENT_TARGET = 8.0;
				LD_RUNPATH_SEARCH_PATHS = "$(inherited) @executable_path/Frameworks @loader_path/Frameworks";
				MACH_O_TYPE = staticlib;
				MODULEMAP_FILE = "Target Support Files/Pods-StartAppsKit_Example/Pods-StartAppsKit_Example.modulemap";
				MTL_ENABLE_DEBUG_INFO = YES;
				OTHER_LDFLAGS = "";
				OTHER_LIBTOOLFLAGS = "";
				PODS_ROOT = "$(SRCROOT)";
				PRODUCT_BUNDLE_IDENTIFIER = "org.cocoapods.${PRODUCT_NAME:rfc1034identifier}";
				PRODUCT_NAME = Pods_StartAppsKit_Example;
				SDKROOT = iphoneos;
				SKIP_INSTALL = YES;
				SWIFT_OPTIMIZATION_LEVEL = "-Onone";
				TARGETED_DEVICE_FAMILY = "1,2";
				VERSIONING_SYSTEM = "apple-generic";
				VERSION_INFO_PREFIX = "";
			};
			name = Debug;
		};
/* End XCBuildConfiguration section */

/* Begin XCConfigurationList section */
		154BB18C72C52E16F51E2F095B13970E /* Build configuration list for PBXNativeTarget "Pods-StartAppsKit_Example" */ = {
			isa = XCConfigurationList;
			buildConfigurations = (
				FF787BC45D4D3D9CCBBB32FC92D217D8 /* Debug */,
				F2161E88A0637C17B9F8C54E2CA591EB /* Release */,
			);
			defaultConfigurationIsVisible = 0;
			defaultConfigurationName = Release;
		};
		2D8E8EC45A3A1A1D94AE762CB5028504 /* Build configuration list for PBXProject "Pods" */ = {
			isa = XCConfigurationList;
			buildConfigurations = (
				25DFD44082D3B22BD53BE0774F468566 /* Debug */,
				902F148AD3014AF9CDBF79F87DFCD4F0 /* Release */,
			);
			defaultConfigurationIsVisible = 0;
			defaultConfigurationName = Release;
		};
		32BA2E04006C0AB3AC61CDAD26F19425 /* Build configuration list for PBXNativeTarget "SwiftyJSON" */ = {
			isa = XCConfigurationList;
			buildConfigurations = (
				898F087FB11E0E726868CD853E658822 /* Debug */,
				4057F0D3906A6386D16A90D03242DB02 /* Release */,
			);
			defaultConfigurationIsVisible = 0;
			defaultConfigurationName = Release;
		};
		66D244B31F55B980128B2110A30C1F8F /* Build configuration list for PBXNativeTarget "StartAppsKit" */ = {
			isa = XCConfigurationList;
			buildConfigurations = (
				CA6884AF498F02142BB6E5FF373E3B46 /* Debug */,
				C91D53D822F40EE65AF21EF46CA7513F /* Release */,
			);
			defaultConfigurationIsVisible = 0;
			defaultConfigurationName = Release;
		};
		7F45713D4CED9539D3706E08DD350387 /* Build configuration list for PBXNativeTarget "Pods-StartAppsKit_Tests" */ = {
			isa = XCConfigurationList;
			buildConfigurations = (
				C98979B6CF472EDB929B88CE78DDC9B8 /* Debug */,
				59902AEAC8F5AD531E3276B91E353AE8 /* Release */,
			);
			defaultConfigurationIsVisible = 0;
			defaultConfigurationName = Release;
		};
/* End XCConfigurationList section */
	};
	rootObject = D41D8CD98F00B204E9800998ECF8427E /* Project object */;
}
